// !$*UTF8*$!
{
	archiveVersion = 1;
	classes = {
	};
	objectVersion = 46;
	objects = {

/* Begin PBXBuildFile section */
		9F8FB43B185AEEA20036E6C1 /* Foundation.framework in Frameworks */ = {isa = PBXBuildFile; fileRef = 9F8FB43A185AEEA20036E6C1 /* Foundation.framework */; };
		9F8FB43D185AEEA20036E6C1 /* CoreGraphics.framework in Frameworks */ = {isa = PBXBuildFile; fileRef = 9F8FB43C185AEEA20036E6C1 /* CoreGraphics.framework */; };
		9F8FB43F185AEEA30036E6C1 /* UIKit.framework in Frameworks */ = {isa = PBXBuildFile; fileRef = 9F8FB43E185AEEA30036E6C1 /* UIKit.framework */; };
		9F8FB445185AEEA30036E6C1 /* InfoPlist.strings in Resources */ = {isa = PBXBuildFile; fileRef = 9F8FB443185AEEA30036E6C1 /* InfoPlist.strings */; };
		9F8FB447185AEEA30036E6C1 /* main.m in Sources */ = {isa = PBXBuildFile; fileRef = 9F8FB446185AEEA30036E6C1 /* main.m */; };
		9F8FB44B185AEEA30036E6C1 /* fontechAppDelegate.m in Sources */ = {isa = PBXBuildFile; fileRef = 9F8FB44A185AEEA30036E6C1 /* fontechAppDelegate.m */; };
		9F8FB44E185AEEA30036E6C1 /* Main.storyboard in Resources */ = {isa = PBXBuildFile; fileRef = 9F8FB44C185AEEA30036E6C1 /* Main.storyboard */; };
		9F8FB451185AEEA30036E6C1 /* fontechFirstViewController.m in Sources */ = {isa = PBXBuildFile; fileRef = 9F8FB450185AEEA30036E6C1 /* fontechFirstViewController.m */; };
		9F8FB454185AEEA30036E6C1 /* fontechSecondViewController.m in Sources */ = {isa = PBXBuildFile; fileRef = 9F8FB453185AEEA30036E6C1 /* fontechSecondViewController.m */; };
		9F8FB456185AEEA30036E6C1 /* Images.xcassets in Resources */ = {isa = PBXBuildFile; fileRef = 9F8FB455185AEEA30036E6C1 /* Images.xcassets */; };
		9F8FB45D185AEEA30036E6C1 /* XCTest.framework in Frameworks */ = {isa = PBXBuildFile; fileRef = 9F8FB45C185AEEA30036E6C1 /* XCTest.framework */; };
		9F8FB45E185AEEA30036E6C1 /* Foundation.framework in Frameworks */ = {isa = PBXBuildFile; fileRef = 9F8FB43A185AEEA20036E6C1 /* Foundation.framework */; };
		9F8FB45F185AEEA30036E6C1 /* UIKit.framework in Frameworks */ = {isa = PBXBuildFile; fileRef = 9F8FB43E185AEEA30036E6C1 /* UIKit.framework */; };
		9F8FB467185AEEA30036E6C1 /* InfoPlist.strings in Resources */ = {isa = PBXBuildFile; fileRef = 9F8FB465185AEEA30036E6C1 /* InfoPlist.strings */; };
		9F8FB469185AEEA30036E6C1 /* fontechChatTests.m in Sources */ = {isa = PBXBuildFile; fileRef = 9F8FB468185AEEA30036E6C1 /* fontechChatTests.m */; };
/* End PBXBuildFile section */

/* Begin PBXContainerItemProxy section */
		9F8FB460185AEEA30036E6C1 /* PBXContainerItemProxy */ = {
			isa = PBXContainerItemProxy;
			containerPortal = 9F8FB42F185AEEA20036E6C1 /* Project object */;
			proxyType = 1;
			remoteGlobalIDString = 9F8FB436185AEEA20036E6C1;
			remoteInfo = fontechChat;
		};
/* End PBXContainerItemProxy section */

/* Begin PBXFileReference section */
		9F8FB437185AEEA20036E6C1 /* fontechChat.app */ = {isa = PBXFileReference; explicitFileType = wrapper.application; includeInIndex = 0; path = fontechChat.app; sourceTree = BUILT_PRODUCTS_DIR; };
		9F8FB43A185AEEA20036E6C1 /* Foundation.framework */ = {isa = PBXFileReference; lastKnownFileType = wrapper.framework; name = Foundation.framework; path = System/Library/Frameworks/Foundation.framework; sourceTree = SDKROOT; };
		9F8FB43C185AEEA20036E6C1 /* CoreGraphics.framework */ = {isa = PBXFileReference; lastKnownFileType = wrapper.framework; name = CoreGraphics.framework; path = System/Library/Frameworks/CoreGraphics.framework; sourceTree = SDKROOT; };
		9F8FB43E185AEEA30036E6C1 /* UIKit.framework */ = {isa = PBXFileReference; lastKnownFileType = wrapper.framework; name = UIKit.framework; path = System/Library/Frameworks/UIKit.framework; sourceTree = SDKROOT; };
		9F8FB442185AEEA30036E6C1 /* fontechChat-Info.plist */ = {isa = PBXFileReference; lastKnownFileType = text.plist.xml; path = "fontechChat-Info.plist"; sourceTree = "<group>"; };
		9F8FB444185AEEA30036E6C1 /* en */ = {isa = PBXFileReference; lastKnownFileType = text.plist.strings; name = en; path = en.lproj/InfoPlist.strings; sourceTree = "<group>"; };
		9F8FB446185AEEA30036E6C1 /* main.m */ = {isa = PBXFileReference; lastKnownFileType = sourcecode.c.objc; path = main.m; sourceTree = "<group>"; };
		9F8FB448185AEEA30036E6C1 /* fontechChat-Prefix.pch */ = {isa = PBXFileReference; lastKnownFileType = sourcecode.c.h; path = "fontechChat-Prefix.pch"; sourceTree = "<group>"; };
		9F8FB449185AEEA30036E6C1 /* fontechAppDelegate.h */ = {isa = PBXFileReference; lastKnownFileType = sourcecode.c.h; path = fontechAppDelegate.h; sourceTree = "<group>"; };
		9F8FB44A185AEEA30036E6C1 /* fontechAppDelegate.m */ = {isa = PBXFileReference; lastKnownFileType = sourcecode.c.objc; path = fontechAppDelegate.m; sourceTree = "<group>"; };
		9F8FB44D185AEEA30036E6C1 /* Base */ = {isa = PBXFileReference; lastKnownFileType = file.storyboard; name = Base; path = Base.lproj/Main.storyboard; sourceTree = "<group>"; };
		9F8FB44F185AEEA30036E6C1 /* fontechFirstViewController.h */ = {isa = PBXFileReference; lastKnownFileType = sourcecode.c.h; path = fontechFirstViewController.h; sourceTree = "<group>"; };
		9F8FB450185AEEA30036E6C1 /* fontechFirstViewController.m */ = {isa = PBXFileReference; lastKnownFileType = sourcecode.c.objc; path = fontechFirstViewController.m; sourceTree = "<group>"; };
		9F8FB452185AEEA30036E6C1 /* fontechSecondViewController.h */ = {isa = PBXFileReference; lastKnownFileType = sourcecode.c.h; path = fontechSecondViewController.h; sourceTree = "<group>"; };
		9F8FB453185AEEA30036E6C1 /* fontechSecondViewController.m */ = {isa = PBXFileReference; lastKnownFileType = sourcecode.c.objc; path = fontechSecondViewController.m; sourceTree = "<group>"; };
		9F8FB455185AEEA30036E6C1 /* Images.xcassets */ = {isa = PBXFileReference; lastKnownFileType = folder.assetcatalog; path = Images.xcassets; sourceTree = "<group>"; };
		9F8FB45B185AEEA30036E6C1 /* fontechChatTests.xctest */ = {isa = PBXFileReference; explicitFileType = wrapper.cfbundle; includeInIndex = 0; path = fontechChatTests.xctest; sourceTree = BUILT_PRODUCTS_DIR; };
		9F8FB45C185AEEA30036E6C1 /* XCTest.framework */ = {isa = PBXFileReference; lastKnownFileType = wrapper.framework; name = XCTest.framework; path = Library/Frameworks/XCTest.framework; sourceTree = DEVELOPER_DIR; };
		9F8FB464185AEEA30036E6C1 /* fontechChatTests-Info.plist */ = {isa = PBXFileReference; lastKnownFileType = text.plist.xml; path = "fontechChatTests-Info.plist"; sourceTree = "<group>"; };
		9F8FB466185AEEA30036E6C1 /* en */ = {isa = PBXFileReference; lastKnownFileType = text.plist.strings; name = en; path = en.lproj/InfoPlist.strings; sourceTree = "<group>"; };
		9F8FB468185AEEA30036E6C1 /* fontechChatTests.m */ = {isa = PBXFileReference; lastKnownFileType = sourcecode.c.objc; path = fontechChatTests.m; sourceTree = "<group>"; };
/* End PBXFileReference section */

/* Begin PBXFrameworksBuildPhase section */
		9F8FB434185AEEA20036E6C1 /* Frameworks */ = {
			isa = PBXFrameworksBuildPhase;
			buildActionMask = 2147483647;
			files = (
				9F8FB43D185AEEA20036E6C1 /* CoreGraphics.framework in Frameworks */,
				9F8FB43F185AEEA30036E6C1 /* UIKit.framework in Frameworks */,
				9F8FB43B185AEEA20036E6C1 /* Foundation.framework in Frameworks */,
			);
			runOnlyForDeploymentPostprocessing = 0;
		};
		9F8FB458185AEEA30036E6C1 /* Frameworks */ = {
			isa = PBXFrameworksBuildPhase;
			buildActionMask = 2147483647;
			files = (
				9F8FB45D185AEEA30036E6C1 /* XCTest.framework in Frameworks */,
				9F8FB45F185AEEA30036E6C1 /* UIKit.framework in Frameworks */,
				9F8FB45E185AEEA30036E6C1 /* Foundation.framework in Frameworks */,
			);
			runOnlyForDeploymentPostprocessing = 0;
		};
/* End PBXFrameworksBuildPhase section */

/* Begin PBXGroup section */
		9F8FB42E185AEEA20036E6C1 = {
			isa = PBXGroup;
			children = (
				9F8FB440185AEEA30036E6C1 /* fontechChat */,
				9F8FB462185AEEA30036E6C1 /* fontechChatTests */,
				9F8FB439185AEEA20036E6C1 /* Frameworks */,
				9F8FB438185AEEA20036E6C1 /* Products */,
			);
			sourceTree = "<group>";
		};
		9F8FB438185AEEA20036E6C1 /* Products */ = {
			isa = PBXGroup;
			children = (
				9F8FB437185AEEA20036E6C1 /* fontechChat.app */,
				9F8FB45B185AEEA30036E6C1 /* fontechChatTests.xctest */,
			);
			name = Products;
			sourceTree = "<group>";
		};
		9F8FB439185AEEA20036E6C1 /* Frameworks */ = {
			isa = PBXGroup;
			children = (
				9F8FB43A185AEEA20036E6C1 /* Foundation.framework */,
				9F8FB43C185AEEA20036E6C1 /* CoreGraphics.framework */,
				9F8FB43E185AEEA30036E6C1 /* UIKit.framework */,
				9F8FB45C185AEEA30036E6C1 /* XCTest.framework */,
			);
			name = Frameworks;
			sourceTree = "<group>";
		};
		9F8FB440185AEEA30036E6C1 /* fontechChat */ = {
			isa = PBXGroup;
			children = (
				9F8FB449185AEEA30036E6C1 /* fontechAppDelegate.h */,
				9F8FB44A185AEEA30036E6C1 /* fontechAppDelegate.m */,
				9F8FB44C185AEEA30036E6C1 /* Main.storyboard */,
				9F8FB44F185AEEA30036E6C1 /* fontechFirstViewController.h */,
				9F8FB450185AEEA30036E6C1 /* fontechFirstViewController.m */,
				9F8FB452185AEEA30036E6C1 /* fontechSecondViewController.h */,
				9F8FB453185AEEA30036E6C1 /* fontechSecondViewController.m */,
				9F8FB455185AEEA30036E6C1 /* Images.xcassets */,
				9F8FB441185AEEA30036E6C1 /* Supporting Files */,
			);
			path = fontechChat;
			sourceTree = "<group>";
		};
		9F8FB441185AEEA30036E6C1 /* Supporting Files */ = {
			isa = PBXGroup;
			children = (
				9F8FB442185AEEA30036E6C1 /* fontechChat-Info.plist */,
				9F8FB443185AEEA30036E6C1 /* InfoPlist.strings */,
				9F8FB446185AEEA30036E6C1 /* main.m */,
				9F8FB448185AEEA30036E6C1 /* fontechChat-Prefix.pch */,
			);
			name = "Supporting Files";
			sourceTree = "<group>";
		};
		9F8FB462185AEEA30036E6C1 /* fontechChatTests */ = {
			isa = PBXGroup;
			children = (
				9F8FB468185AEEA30036E6C1 /* fontechChatTests.m */,
				9F8FB463185AEEA30036E6C1 /* Supporting Files */,
			);
			path = fontechChatTests;
			sourceTree = "<group>";
		};
		9F8FB463185AEEA30036E6C1 /* Supporting Files */ = {
			isa = PBXGroup;
			children = (
				9F8FB464185AEEA30036E6C1 /* fontechChatTests-Info.plist */,
				9F8FB465185AEEA30036E6C1 /* InfoPlist.strings */,
			);
			name = "Supporting Files";
			sourceTree = "<group>";
		};
/* End PBXGroup section */

/* Begin PBXNativeTarget section */
		9F8FB436185AEEA20036E6C1 /* fontechChat */ = {
			isa = PBXNativeTarget;
			buildConfigurationList = 9F8FB46C185AEEA30036E6C1 /* Build configuration list for PBXNativeTarget "fontechChat" */;
			buildPhases = (
				9F8FB433185AEEA20036E6C1 /* Sources */,
				9F8FB434185AEEA20036E6C1 /* Frameworks */,
				9F8FB435185AEEA20036E6C1 /* Resources */,
			);
			buildRules = (
			);
			dependencies = (
			);
			name = fontechChat;
			productName = fontechChat;
			productReference = 9F8FB437185AEEA20036E6C1 /* fontechChat.app */;
			productType = "com.apple.product-type.application";
		};
		9F8FB45A185AEEA30036E6C1 /* fontechChatTests */ = {
			isa = PBXNativeTarget;
			buildConfigurationList = 9F8FB46F185AEEA30036E6C1 /* Build configuration list for PBXNativeTarget "fontechChatTests" */;
			buildPhases = (
				9F8FB457185AEEA30036E6C1 /* Sources */,
				9F8FB458185AEEA30036E6C1 /* Frameworks */,
				9F8FB459185AEEA30036E6C1 /* Resources */,
			);
			buildRules = (
			);
			dependencies = (
				9F8FB461185AEEA30036E6C1 /* PBXTargetDependency */,
			);
			name = fontechChatTests;
			productName = fontechChatTests;
			productReference = 9F8FB45B185AEEA30036E6C1 /* fontechChatTests.xctest */;
			productType = "com.apple.product-type.bundle.unit-test";
		};
/* End PBXNativeTarget section */

/* Begin PBXProject section */
		9F8FB42F185AEEA20036E6C1 /* Project object */ = {
			isa = PBXProject;
			attributes = {
				CLASSPREFIX = fontech;
				LastUpgradeCheck = 0500;
				ORGANIZATIONNAME = "Robert Huang";
				TargetAttributes = {
					9F8FB45A185AEEA30036E6C1 = {
						TestTargetID = 9F8FB436185AEEA20036E6C1;
					};
				};
			};
			buildConfigurationList = 9F8FB432185AEEA20036E6C1 /* Build configuration list for PBXProject "fontechChat" */;
			compatibilityVersion = "Xcode 3.2";
			developmentRegion = English;
			hasScannedForEncodings = 0;
			knownRegions = (
				en,
				Base,
			);
			mainGroup = 9F8FB42E185AEEA20036E6C1;
			productRefGroup = 9F8FB438185AEEA20036E6C1 /* Products */;
			projectDirPath = "";
			projectRoot = "";
			targets = (
				9F8FB436185AEEA20036E6C1 /* fontechChat */,
				9F8FB45A185AEEA30036E6C1 /* fontechChatTests */,
			);
		};
/* End PBXProject section */

/* Begin PBXResourcesBuildPhase section */
		9F8FB435185AEEA20036E6C1 /* Resources */ = {
			isa = PBXResourcesBuildPhase;
			buildActionMask = 2147483647;
			files = (
				9F8FB456185AEEA30036E6C1 /* Images.xcassets in Resources */,
				9F8FB445185AEEA30036E6C1 /* InfoPlist.strings in Resources */,
				9F8FB44E185AEEA30036E6C1 /* Main.storyboard in Resources */,
			);
			runOnlyForDeploymentPostprocessing = 0;
		};
		9F8FB459185AEEA30036E6C1 /* Resources */ = {
			isa = PBXResourcesBuildPhase;
			buildActionMask = 2147483647;
			files = (
				9F8FB467185AEEA30036E6C1 /* InfoPlist.strings in Resources */,
			);
			runOnlyForDeploymentPostprocessing = 0;
		};
/* End PBXResourcesBuildPhase section */

/* Begin PBXSourcesBuildPhase section */
		9F8FB433185AEEA20036E6C1 /* Sources */ = {
			isa = PBXSourcesBuildPhase;
			buildActionMask = 2147483647;
			files = (
				9F8FB451185AEEA30036E6C1 /* fontechFirstViewController.m in Sources */,
				9F8FB44B185AEEA30036E6C1 /* fontechAppDelegate.m in Sources */,
				9F8FB454185AEEA30036E6C1 /* fontechSecondViewController.m in Sources */,
				9F8FB447185AEEA30036E6C1 /* main.m in Sources */,
			);
			runOnlyForDeploymentPostprocessing = 0;
		};
		9F8FB457185AEEA30036E6C1 /* Sources */ = {
			isa = PBXSourcesBuildPhase;
			buildActionMask = 2147483647;
			files = (
				9F8FB469185AEEA30036E6C1 /* fontechChatTests.m in Sources */,
			);
			runOnlyForDeploymentPostprocessing = 0;
		};
/* End PBXSourcesBuildPhase section */

/* Begin PBXTargetDependency section */
		9F8FB461185AEEA30036E6C1 /* PBXTargetDependency */ = {
			isa = PBXTargetDependency;
			target = 9F8FB436185AEEA20036E6C1 /* fontechChat */;
			targetProxy = 9F8FB460185AEEA30036E6C1 /* PBXContainerItemProxy */;
		};
/* End PBXTargetDependency section */

/* Begin PBXVariantGroup section */
		9F8FB443185AEEA30036E6C1 /* InfoPlist.strings */ = {
			isa = PBXVariantGroup;
			children = (
				9F8FB444185AEEA30036E6C1 /* en */,
			);
			name = InfoPlist.strings;
			sourceTree = "<group>";
		};
		9F8FB44C185AEEA30036E6C1 /* Main.storyboard */ = {
			isa = PBXVariantGroup;
			children = (
				9F8FB44D185AEEA30036E6C1 /* Base */,
			);
			name = Main.storyboard;
			sourceTree = "<group>";
		};
		9F8FB465185AEEA30036E6C1 /* InfoPlist.strings */ = {
			isa = PBXVariantGroup;
			children = (
				9F8FB466185AEEA30036E6C1 /* en */,
			);
			name = InfoPlist.strings;
			sourceTree = "<group>";
		};
/* End PBXVariantGroup section */

/* Begin XCBuildConfiguration section */
		9F8FB46A185AEEA30036E6C1 /* Debug */ = {
			isa = XCBuildConfiguration;
			buildSettings = {
				ALWAYS_SEARCH_USER_PATHS = NO;
				ARCHS = "$(ARCHS_STANDARD_INCLUDING_64_BIT)";
				CLANG_CXX_LANGUAGE_STANDARD = "gnu++0x";
				CLANG_CXX_LIBRARY = "libc++";
				CLANG_ENABLE_MODULES = YES;
				CLANG_ENABLE_OBJC_ARC = YES;
				CLANG_WARN_BOOL_CONVERSION = YES;
				CLANG_WARN_CONSTANT_CONVERSION = YES;
				CLANG_WARN_DIRECT_OBJC_ISA_USAGE = YES_ERROR;
				CLANG_WARN_EMPTY_BODY = YES;
				CLANG_WARN_ENUM_CONVERSION = YES;
				CLANG_WARN_INT_CONVERSION = YES;
				CLANG_WARN_OBJC_ROOT_CLASS = YES_ERROR;
				CLANG_WARN__DUPLICATE_METHOD_MATCH = YES;
				"CODE_SIGN_IDENTITY[sdk=iphoneos*]" = "iPhone Developer";
				COPY_PHASE_STRIP = NO;
				GCC_C_LANGUAGE_STANDARD = gnu99;
				GCC_DYNAMIC_NO_PIC = NO;
				GCC_OPTIMIZATION_LEVEL = 0;
				GCC_PREPROCESSOR_DEFINITIONS = (
					"DEBUG=1",
					"$(inherited)",
				);
				GCC_SYMBOLS_PRIVATE_EXTERN = NO;
				GCC_WARN_64_TO_32_BIT_CONVERSION = YES;
				GCC_WARN_ABOUT_RETURN_TYPE = YES_ERROR;
				GCC_WARN_UNDECLARED_SELECTOR = YES;
				GCC_WARN_UNINITIALIZED_AUTOS = YES;
				GCC_WARN_UNUSED_FUNCTION = YES;
				GCC_WARN_UNUSED_VARIABLE = YES;
				IPHONEOS_DEPLOYMENT_TARGET = 7.0;
				ONLY_ACTIVE_ARCH = YES;
				SDKROOT = iphoneos;
			};
			name = Debug;
		};
		9F8FB46B185AEEA30036E6C1 /* Release */ = {
			isa = XCBuildConfiguration;
			buildSettings = {
				ALWAYS_SEARCH_USER_PATHS = NO;
				ARCHS = "$(ARCHS_STANDARD_INCLUDING_64_BIT)";
				CLANG_CXX_LANGUAGE_STANDARD = "gnu++0x";
				CLANG_CXX_LIBRARY = "libc++";
				CLANG_ENABLE_MODULES = YES;
				CLANG_ENABLE_OBJC_ARC = YES;
				CLANG_WARN_BOOL_CONVERSION = YES;
				CLANG_WARN_CONSTANT_CONVERSION = YES;
				CLANG_WARN_DIRECT_OBJC_ISA_USAGE = YES_ERROR;
				CLANG_WARN_EMPTY_BODY = YES;
				CLANG_WARN_ENUM_CONVERSION = YES;
				CLANG_WARN_INT_CONVERSION = YES;
				CLANG_WARN_OBJC_ROOT_CLASS = YES_ERROR;
				CLANG_WARN__DUPLICATE_METHOD_MATCH = YES;
				"CODE_SIGN_IDENTITY[sdk=iphoneos*]" = "iPhone Developer";
				COPY_PHASE_STRIP = YES;
				ENABLE_NS_ASSERTIONS = NO;
				GCC_C_LANGUAGE_STANDARD = gnu99;
				GCC_WARN_64_TO_32_BIT_CONVERSION = YES;
				GCC_WARN_ABOUT_RETURN_TYPE = YES_ERROR;
				GCC_WARN_UNDECLARED_SELECTOR = YES;
				GCC_WARN_UNINITIALIZED_AUTOS = YES;
				GCC_WARN_UNUSED_FUNCTION = YES;
				GCC_WARN_UNUSED_VARIABLE = YES;
				IPHONEOS_DEPLOYMENT_TARGET = 7.0;
				SDKROOT = iphoneos;
				VALIDATE_PRODUCT = YES;
			};
			name = Release;
		};
		9F8FB46D185AEEA30036E6C1 /* Debug */ = {
			isa = XCBuildConfiguration;
			buildSettings = {
				ASSETCATALOG_COMPILER_APPICON_NAME = AppIcon;
				ASSETCATALOG_COMPILER_LAUNCHIMAGE_NAME = LaunchImage;
				GCC_PRECOMPILE_PREFIX_HEADER = YES;
				GCC_PREFIX_HEADER = "fontechChat/fontechChat-Prefix.pch";
				INFOPLIST_FILE = "fontechChat/fontechChat-Info.plist";
				PRODUCT_NAME = "$(TARGET_NAME)";
				WRAPPER_EXTENSION = app;
			};
			name = Debug;
		};
		9F8FB46E185AEEA30036E6C1 /* Release */ = {
			isa = XCBuildConfiguration;
			buildSettings = {
				ASSETCATALOG_COMPILER_APPICON_NAME = AppIcon;
				ASSETCATALOG_COMPILER_LAUNCHIMAGE_NAME = LaunchImage;
				GCC_PRECOMPILE_PREFIX_HEADER = YES;
				GCC_PREFIX_HEADER = "fontechChat/fontechChat-Prefix.pch";
				INFOPLIST_FILE = "fontechChat/fontechChat-Info.plist";
				PRODUCT_NAME = "$(TARGET_NAME)";
				WRAPPER_EXTENSION = app;
			};
			name = Release;
		};
		9F8FB470185AEEA30036E6C1 /* Debug */ = {
			isa = XCBuildConfiguration;
			buildSettings = {
				ARCHS = "$(ARCHS_STANDARD_INCLUDING_64_BIT)";
				BUNDLE_LOADER = "$(BUILT_PRODUCTS_DIR)/fontechChat.app/fontechChat";
				FRAMEWORK_SEARCH_PATHS = (
					"$(SDKROOT)/Developer/Library/Frameworks",
					"$(inherited)",
					"$(DEVELOPER_FRAMEWORKS_DIR)",
				);
				GCC_PRECOMPILE_PREFIX_HEADER = YES;
				GCC_PREFIX_HEADER = "fontechChat/fontechChat-Prefix.pch";
				GCC_PREPROCESSOR_DEFINITIONS = (
					"DEBUG=1",
					"$(inherited)",
				);
				INFOPLIST_FILE = "fontechChatTests/fontechChatTests-Info.plist";
				PRODUCT_NAME = "$(TARGET_NAME)";
				TEST_HOST = "$(BUNDLE_LOADER)";
				WRAPPER_EXTENSION = xctest;
			};
			name = Debug;
		};
		9F8FB471185AEEA30036E6C1 /* Release */ = {
			isa = XCBuildConfiguration;
			buildSettings = {
				ARCHS = "$(ARCHS_STANDARD_INCLUDING_64_BIT)";
				BUNDLE_LOADER = "$(BUILT_PRODUCTS_DIR)/fontechChat.app/fontechChat";
				FRAMEWORK_SEARCH_PATHS = (
					"$(SDKROOT)/Developer/Library/Frameworks",
					"$(inherited)",
					"$(DEVELOPER_FRAMEWORKS_DIR)",
				);
				GCC_PRECOMPILE_PREFIX_HEADER = YES;
				GCC_PREFIX_HEADER = "fontechChat/fontechChat-Prefix.pch";
				INFOPLIST_FILE = "fontechChatTests/fontechChatTests-Info.plist";
				PRODUCT_NAME = "$(TARGET_NAME)";
				TEST_HOST = "$(BUNDLE_LOADER)";
				WRAPPER_EXTENSION = xctest;
			};
			name = Release;
		};
/* End XCBuildConfiguration section */

/* Begin XCConfigurationList section */
		9F8FB432185AEEA20036E6C1 /* Build configuration list for PBXProject "fontechChat" */ = {
			isa = XCConfigurationList;
			buildConfigurations = (
				9F8FB46A185AEEA30036E6C1 /* Debug */,
				9F8FB46B185AEEA30036E6C1 /* Release */,
			);
			defaultConfigurationIsVisible = 0;
			defaultConfigurationName = Release;
		};
		9F8FB46C185AEEA30036E6C1 /* Build configuration list for PBXNativeTarget "fontechChat" */ = {
			isa = XCConfigurationList;
			buildConfigurations = (
				9F8FB46D185AEEA30036E6C1 /* Debug */,
				9F8FB46E185AEEA30036E6C1 /* Release */,
			);
			defaultConfigurationIsVisible = 0;
		};
		9F8FB46F185AEEA30036E6C1 /* Build configuration list for PBXNativeTarget "fontechChatTests" */ = {
			isa = XCConfigurationList;
			buildConfigurations = (
				9F8FB470185AEEA30036E6C1 /* Debug */,
				9F8FB471185AEEA30036E6C1 /* Release */,
			);
			defaultConfigurationIsVisible = 0;
		};
/* End XCConfigurationList section */
	};
	rootObject = 9F8FB42F185AEEA20036E6C1 /* Project object */;
}
